<?xml version="1.0" encoding="utf-8"?>
<Project ToolsVersion="4.0" xmlns="http://schemas.microsoft.com/developer/msbuild/2003">
  <ItemGroup>
    <Filter Include="Исходные файлы">
      <UniqueIdentifier>{4FC737F1-C7A5-4376-A066-2A32D752A2FF}</UniqueIdentifier>
      <Extensions>cpp;c;cc;cxx;def;odl;idl;hpj;bat;asm;asmx</Extensions>
    </Filter>
    <Filter Include="Файлы заголовков">
      <UniqueIdentifier>{93995380-89BD-4b04-88EB-625FBE52EBFB}</UniqueIdentifier>
      <Extensions>h;hh;hpp;hxx;hm;inl;inc;xsd</Extensions>
    </Filter>
    <Filter Include="Файлы ресурсов">
      <UniqueIdentifier>{67DA6AB6-F800-4c08-8B7A-83BB121AAD01}</UniqueIdentifier>
      <Extensions>rc;ico;cur;bmp;dlg;rc2;rct;bin;rgs;gif;jpg;jpeg;jpe;resx;tiff;tif;png;wav;mfcribbon-ms</Extensions>
    </Filter>
    <Filter Include="Файлы заголовков\IoC">
      <UniqueIdentifier>{d4fec76b-ecaa-4191-93b7-ac9d786d7a7a}</UniqueIdentifier>
    </Filter>
    <Filter Include="Файлы ресурсов\IoC">
      <UniqueIdentifier>{23fe838a-a770-4287-8851-4cb48908831b}</UniqueIdentifier>
    </Filter>
    <Filter Include="Файлы заголовков\Pointer">
      <UniqueIdentifier>{b003cdb7-3f42-4258-a802-250ced2d9f91}</UniqueIdentifier>
    </Filter>
    <Filter Include="Файлы ресурсов\Pointer">
      <UniqueIdentifier>{2192f4e2-98da-419e-8ea1-779d3de70f2d}</UniqueIdentifier>
    </Filter>
    <Filter Include="Файлы заголовков\Object">
      <UniqueIdentifier>{50585d36-d6ce-441a-b7f6-883bd8d5444b}</UniqueIdentifier>
    </Filter>
    <Filter Include="Файлы ресурсов\Object">
      <UniqueIdentifier>{c3eedbbf-0584-4b26-bf25-e64450a7b74f}</UniqueIdentifier>
    </Filter>
  </ItemGroup>
  <ItemGroup>
    <ClInclude Include="IoC.h">
      <Filter>Файлы заголовков\IoC</Filter>
    </ClInclude>
    <ClInclude Include="Pointer.h">
      <Filter>Файлы заголовков\Pointer</Filter>
    </ClInclude>
    <ClInclude Include="ResourceMonitor.h">
      <Filter>Файлы заголовков\Pointer</Filter>
    </ClInclude>
    <ClInclude Include="ResourceAllocationException.h">
      <Filter>Файлы заголовков\Pointer</Filter>
    </ClInclude>
    <ClInclude Include="DeleteResourceStrategy.h">
      <Filter>Файлы заголовков\Pointer</Filter>
    </ClInclude>
    <ClInclude Include="AlwaysDeleteResourceStrategy.h">
      <Filter>Файлы заголовков\Pointer</Filter>
    </ClInclude>
    <ClInclude Include="NetherDeleteResourceStrategy.h">
      <Filter>Файлы заголовков\Pointer</Filter>
    </ClInclude>
    <ClInclude Include="PointerCounterResourceMonitor.h">
      <Filter>Файлы заголовков\Pointer</Filter>
    </ClInclude>
    <ClInclude Include="IObject.h">
      <Filter>Файлы заголовков\Object</Filter>
    </ClInclude>
    <ClInclude Include="ContainerError.h">
      <Filter>Файлы заголовков\IoC</Filter>
    </ClInclude>
    <ClInclude Include="Array.h">
      <Filter>Файлы заголовков\Object</Filter>
    </ClInclude>
    <ClInclude Include="Bool.h">
      <Filter>Файлы заголовков\Object</Filter>
    </ClInclude>
    <ClInclude Include="Integer.h">
      <Filter>Файлы заголовков\Object</Filter>
    </ClInclude>
    <ClInclude Include="String.h">
      <Filter>Файлы заголовков\Object</Filter>
    </ClInclude>
    <ClInclude Include="GameItem.h">
      <Filter>Файлы заголовков</Filter>
    </ClInclude>
    <ClInclude Include="ResolveError.h">
      <Filter>Файлы заголовков\IoC</Filter>
    </ClInclude>
    <ClInclude Include="RegisterError.h">
      <Filter>Файлы заголовков\IoC</Filter>
    </ClInclude>
    <ClInclude Include="StrategyPointer.h">
      <Filter>Файлы заголовков\IoC</Filter>
    </ClInclude>
    <ClInclude Include="GameItemBuffer.h">
      <Filter>Файлы заголовков\Pointer</Filter>
    </ClInclude>
  </ItemGroup>
  <ItemGroup>
    <ClCompile Include="IoC.cpp">
      <Filter>Файлы ресурсов\IoC</Filter>
    </ClCompile>
    <ClCompile Include="PointerCounterResourceMonitor.cpp">
      <Filter>Файлы ресурсов\Pointer</Filter>
    </ClCompile>
    <ClCompile Include="AlwaysDeleteResourceStrategy.cpp">
      <Filter>Файлы ресурсов\Pointer</Filter>
    </ClCompile>
    <ClCompile Include="NetherDeleteResourceStrategy.cpp">
      <Filter>Файлы ресурсов\Pointer</Filter>
    </ClCompile>
    <ClCompile Include="ContainerError.cpp">
      <Filter>Файлы ресурсов\IoC</Filter>
    </ClCompile>
    <ClCompile Include="Array.cpp">
      <Filter>Файлы ресурсов\Object</Filter>
    </ClCompile>
    <ClCompile Include="GameItem.cpp">
      <Filter>Файлы ресурсов</Filter>
    </ClCompile>
    <ClCompile Include="ResolveError.cpp">
      <Filter>Файлы ресурсов\IoC</Filter>
    </ClCompile>
    <ClCompile Include="RegisterError.cpp">
      <Filter>Файлы ресурсов\IoC</Filter>
    </ClCompile>
    <ClCompile Include="Integer.cpp">
      <Filter>Файлы ресурсов\Object</Filter>
    </ClCompile>
    <ClCompile Include="GameItemBuffer.cpp">
      <Filter>Файлы ресурсов\Pointer</Filter>
    </ClCompile>
    <ClCompile Include="String.cpp">
      <Filter>Файлы ресурсов\Object</Filter>
    </ClCompile>
  </ItemGroup>
</Project>