
Microsoft Visual Studio Solution File, Format Version 12.00
# Visual Studio 15
VisualStudioVersion = 15.0.27130.2027
MinimumVisualStudioVersion = 10.0.40219.1
Project("{8BC9CEB8-8B4A-11D0-8D11-00A0C91BC942}") = "data", "data\data.vcxproj", "{3B2E0799-DD66-49CA-9A25-46A7410937DB}"
EndProject
Project("{8BC9CEB8-8B4A-11D0-8D11-00A0C91BC942}") = "dataTests", "..\tests\dataTests\dataTests.vcxproj", "{F86A9CFF-20B0-4AA9-9863-ADE593BD5CB9}"
EndProject
Project("{8BC9CEB8-8B4A-11D0-8D11-00A0C91BC942}") = "commands", "commands\commands.vcxproj", "{0F8AA76D-C99C-449B-B06C-1327C17C2F20}"
EndProject
Project("{8BC9CEB8-8B4A-11D0-8D11-00A0C91BC942}") = "commandsTests", "..\tests\commandsTests\commandsTests.vcxproj", "{D6D8F814-1F5D-48A1-8E6C-1991E1236F4F}"
EndProject
Project("{8BC9CEB8-8B4A-11D0-8D11-00A0C91BC942}") = "sandboxTests", "..\tests\sandboxTests\sandboxTests.vcxproj", "{316B5135-5D5F-46EA-8F31-659638F449E3}"
EndProject
Global
	GlobalSection(SolutionConfigurationPlatforms) = preSolution
		Debug|x64 = Debug|x64
		Debug|x86 = Debug|x86
		Release|x64 = Release|x64
		Release|x86 = Release|x86
	EndGlobalSection
	GlobalSection(ProjectConfigurationPlatforms) = postSolution
		{3B2E0799-DD66-49CA-9A25-46A7410937DB}.Debug|x64.ActiveCfg = Debug|x64
		{3B2E0799-DD66-49CA-9A25-46A7410937DB}.Debug|x64.Build.0 = Debug|x64
		{3B2E0799-DD66-49CA-9A25-46A7410937DB}.Debug|x86.ActiveCfg = Debug|Win32
		{3B2E0799-DD66-49CA-9A25-46A7410937DB}.Debug|x86.Build.0 = Debug|Win32
		{3B2E0799-DD66-49CA-9A25-46A7410937DB}.Release|x64.ActiveCfg = Release|x64
		{3B2E0799-DD66-49CA-9A25-46A7410937DB}.Release|x64.Build.0 = Release|x64
		{3B2E0799-DD66-49CA-9A25-46A7410937DB}.Release|x86.ActiveCfg = Release|Win32
		{3B2E0799-DD66-49CA-9A25-46A7410937DB}.Release|x86.Build.0 = Release|Win32
		{F86A9CFF-20B0-4AA9-9863-ADE593BD5CB9}.Debug|x64.ActiveCfg = Debug|x64
		{F86A9CFF-20B0-4AA9-9863-ADE593BD5CB9}.Debug|x64.Build.0 = Debug|x64
		{F86A9CFF-20B0-4AA9-9863-ADE593BD5CB9}.Debug|x86.ActiveCfg = Debug|Win32
		{F86A9CFF-20B0-4AA9-9863-ADE593BD5CB9}.Debug|x86.Build.0 = Debug|Win32
		{F86A9CFF-20B0-4AA9-9863-ADE593BD5CB9}.Release|x64.ActiveCfg = Release|x64
		{F86A9CFF-20B0-4AA9-9863-ADE593BD5CB9}.Release|x64.Build.0 = Release|x64
		{F86A9CFF-20B0-4AA9-9863-ADE593BD5CB9}.Release|x86.ActiveCfg = Release|Win32
		{F86A9CFF-20B0-4AA9-9863-ADE593BD5CB9}.Release|x86.Build.0 = Release|Win32
		{0F8AA76D-C99C-449B-B06C-1327C17C2F20}.Debug|x64.ActiveCfg = Debug|x64
		{0F8AA76D-C99C-449B-B06C-1327C17C2F20}.Debug|x64.Build.0 = Debug|x64
		{0F8AA76D-C99C-449B-B06C-1327C17C2F20}.Debug|x86.ActiveCfg = Debug|Win32
		{0F8AA76D-C99C-449B-B06C-1327C17C2F20}.Debug|x86.Build.0 = Debug|Win32
		{0F8AA76D-C99C-449B-B06C-1327C17C2F20}.Release|x64.ActiveCfg = Release|x64
		{0F8AA76D-C99C-449B-B06C-1327C17C2F20}.Release|x64.Build.0 = Release|x64
		{0F8AA76D-C99C-449B-B06C-1327C17C2F20}.Release|x86.ActiveCfg = Release|Win32
		{0F8AA76D-C99C-449B-B06C-1327C17C2F20}.Release|x86.Build.0 = Release|Win32
		{D6D8F814-1F5D-48A1-8E6C-1991E1236F4F}.Debug|x64.ActiveCfg = Debug|x64
		{D6D8F814-1F5D-48A1-8E6C-1991E1236F4F}.Debug|x64.Build.0 = Debug|x64
		{D6D8F814-1F5D-48A1-8E6C-1991E1236F4F}.Debug|x86.ActiveCfg = Debug|Win32
		{D6D8F814-1F5D-48A1-8E6C-1991E1236F4F}.Debug|x86.Build.0 = Debug|Win32
		{D6D8F814-1F5D-48A1-8E6C-1991E1236F4F}.Release|x64.ActiveCfg = Release|x64
		{D6D8F814-1F5D-48A1-8E6C-1991E1236F4F}.Release|x64.Build.0 = Release|x64
		{D6D8F814-1F5D-48A1-8E6C-1991E1236F4F}.Release|x86.ActiveCfg = Release|Win32
		{D6D8F814-1F5D-48A1-8E6C-1991E1236F4F}.Release|x86.Build.0 = Release|Win32
		{316B5135-5D5F-46EA-8F31-659638F449E3}.Debug|x64.ActiveCfg = Debug|x64
		{316B5135-5D5F-46EA-8F31-659638F449E3}.Debug|x64.Build.0 = Debug|x64
		{316B5135-5D5F-46EA-8F31-659638F449E3}.Debug|x86.ActiveCfg = Debug|Win32
		{316B5135-5D5F-46EA-8F31-659638F449E3}.Debug|x86.Build.0 = Debug|Win32
		{316B5135-5D5F-46EA-8F31-659638F449E3}.Release|x64.ActiveCfg = Release|x64
		{316B5135-5D5F-46EA-8F31-659638F449E3}.Release|x64.Build.0 = Release|x64
		{316B5135-5D5F-46EA-8F31-659638F449E3}.Release|x86.ActiveCfg = Release|Win32
		{316B5135-5D5F-46EA-8F31-659638F449E3}.Release|x86.Build.0 = Release|Win32
	EndGlobalSection
	GlobalSection(SolutionProperties) = preSolution
		HideSolutionNode = FALSE
	EndGlobalSection
	GlobalSection(ExtensibilityGlobals) = postSolution
		SolutionGuid = {87D9E99F-05EB-4F99-81E7-0AB041DCF2FE}
	EndGlobalSection
EndGlobal
