
Microsoft Visual Studio Solution File, Format Version 12.00
# Visual Studio 15
VisualStudioVersion = 15.0.27428.2015
MinimumVisualStudioVersion = 10.0.40219.1
Project("{8BC9CEB8-8B4A-11D0-8D11-00A0C91BC942}") = "TypeSystem", "TypeSystem\TypeSystem.vcxproj", "{264B3ECE-C264-4F37-8B29-98F4387236B0}"
EndProject
Project("{8BC9CEB8-8B4A-11D0-8D11-00A0C91BC942}") = "TypeSystemTests", "TypeSystemTests\TypeSystemTests.vcxproj", "{D40F1585-0939-4D08-A46A-87DFA90F2FDF}"
EndProject
Global
	GlobalSection(SolutionConfigurationPlatforms) = preSolution
		Debug|x64 = Debug|x64
		Debug|x86 = Debug|x86
		Release|x64 = Release|x64
		Release|x86 = Release|x86
	EndGlobalSection
	GlobalSection(ProjectConfigurationPlatforms) = postSolution
		{264B3ECE-C264-4F37-8B29-98F4387236B0}.Debug|x64.ActiveCfg = Debug|x64
		{264B3ECE-C264-4F37-8B29-98F4387236B0}.Debug|x64.Build.0 = Debug|x64
		{264B3ECE-C264-4F37-8B29-98F4387236B0}.Debug|x86.ActiveCfg = Debug|Win32
		{264B3ECE-C264-4F37-8B29-98F4387236B0}.Debug|x86.Build.0 = Debug|Win32
		{264B3ECE-C264-4F37-8B29-98F4387236B0}.Release|x64.ActiveCfg = Release|x64
		{264B3ECE-C264-4F37-8B29-98F4387236B0}.Release|x64.Build.0 = Release|x64
		{264B3ECE-C264-4F37-8B29-98F4387236B0}.Release|x86.ActiveCfg = Release|Win32
		{264B3ECE-C264-4F37-8B29-98F4387236B0}.Release|x86.Build.0 = Release|Win32
		{D40F1585-0939-4D08-A46A-87DFA90F2FDF}.Debug|x64.ActiveCfg = Debug|x64
		{D40F1585-0939-4D08-A46A-87DFA90F2FDF}.Debug|x64.Build.0 = Debug|x64
		{D40F1585-0939-4D08-A46A-87DFA90F2FDF}.Debug|x86.ActiveCfg = Debug|Win32
		{D40F1585-0939-4D08-A46A-87DFA90F2FDF}.Debug|x86.Build.0 = Debug|Win32
		{D40F1585-0939-4D08-A46A-87DFA90F2FDF}.Release|x64.ActiveCfg = Release|x64
		{D40F1585-0939-4D08-A46A-87DFA90F2FDF}.Release|x64.Build.0 = Release|x64
		{D40F1585-0939-4D08-A46A-87DFA90F2FDF}.Release|x86.ActiveCfg = Release|Win32
		{D40F1585-0939-4D08-A46A-87DFA90F2FDF}.Release|x86.Build.0 = Release|Win32
	EndGlobalSection
	GlobalSection(SolutionProperties) = preSolution
		HideSolutionNode = FALSE
	EndGlobalSection
	GlobalSection(ExtensibilityGlobals) = postSolution
		SolutionGuid = {2DE3C04B-AA29-410C-AD9E-B0FF197F2F1C}
	EndGlobalSection
EndGlobal
